{
  "name": "Products_api",
  "lockfileVersion": 3,
  "requires": true,
  "packages": {
    "": {
      "dependencies": {
        "tailwindcss-line-clamp": "^1.0.5"
      }
    },
    "node_modules/lodash": {
      "version": "4.17.21",
      "resolved": "https://registry.npmjs.org/lodash/-/lodash-4.17.21.tgz",
      "integrity": "sha512-v2kDEe57lecTulaDIuNTPy3Ry4gLGJ6Z1O3vE1krgXZNrsQ+LFTGHVxVjcXPs17LhbZVGedAJv8XZ1tvj5FvSg==",
      "license": "MIT"
    },
    "node_modules/tailwindcss-line-clamp": {
      "version": "1.0.5",
      "resolved": "https://registry.npmjs.org/tailwindcss-line-clamp/-/tailwindcss-line-clamp-1.0.5.tgz",
      "integrity": "sha512-tLqJAarIrz9Hgs3P3d98i329PN3vEYADabONPUJ1lccoJz/47Z8Vfhol9XfgjB1sQRZ+A4kdWIfwNJDHdnN1DQ==",
      "license": "MIT",
      "dependencies": {
        "lodash": "^4.17.15"
      }
    }
  }
}
